
Microsoft Visual Studio Solution File, Format Version 12.00
# Visual Studio 15
VisualStudioVersion = 15.0.28307.106
MinimumVisualStudioVersion = 10.0.40219.1
Project("{FAE04EC0-301F-11D3-BF4B-00C04F79EFBC}") = "PhoneSupportLog", "PhoneSupportLog\PhoneSupportLog.csproj", "{B4203062-C8F2-4454-9788-752604A88819}"
EndProject
Project("{FAE04EC0-301F-11D3-BF4B-00C04F79EFBC}") = "WPFInterface", "WpfApp1\WPFInterface.csproj", "{DFA1DE21-30EB-4088-BC8E-115EC5EE15AD}"
EndProject
Project("{FAE04EC0-301F-11D3-BF4B-00C04F79EFBC}") = "PhoneSupportConsole", "PhoneSupportConsole\PhoneSupportConsole.csproj", "{DB27C0D1-F62F-48B1-99F2-FE274BE412EB}"
EndProject
Project("{FAE04EC0-301F-11D3-BF4B-00C04F79EFBC}") = "PhoneSupportWindowsForms", "PhoneSupportWindowsForms\PhoneSupportWindowsForms.csproj", "{0F0F8CC9-7BAC-480D-975A-A1DCCC4EE682}"
EndProject
Global
	GlobalSection(SolutionConfigurationPlatforms) = preSolution
		Debug|Any CPU = Debug|Any CPU
		Release|Any CPU = Release|Any CPU
	EndGlobalSection
	GlobalSection(ProjectConfigurationPlatforms) = postSolution
		{B4203062-C8F2-4454-9788-752604A88819}.Debug|Any CPU.ActiveCfg = Debug|Any CPU
		{B4203062-C8F2-4454-9788-752604A88819}.Debug|Any CPU.Build.0 = Debug|Any CPU
		{B4203062-C8F2-4454-9788-752604A88819}.Release|Any CPU.ActiveCfg = Release|Any CPU
		{B4203062-C8F2-4454-9788-752604A88819}.Release|Any CPU.Build.0 = Release|Any CPU
		{DFA1DE21-30EB-4088-BC8E-115EC5EE15AD}.Debug|Any CPU.ActiveCfg = Debug|Any CPU
		{DFA1DE21-30EB-4088-BC8E-115EC5EE15AD}.Debug|Any CPU.Build.0 = Debug|Any CPU
		{DFA1DE21-30EB-4088-BC8E-115EC5EE15AD}.Release|Any CPU.ActiveCfg = Release|Any CPU
		{DFA1DE21-30EB-4088-BC8E-115EC5EE15AD}.Release|Any CPU.Build.0 = Release|Any CPU
		{DB27C0D1-F62F-48B1-99F2-FE274BE412EB}.Debug|Any CPU.ActiveCfg = Debug|Any CPU
		{DB27C0D1-F62F-48B1-99F2-FE274BE412EB}.Debug|Any CPU.Build.0 = Debug|Any CPU
		{DB27C0D1-F62F-48B1-99F2-FE274BE412EB}.Release|Any CPU.ActiveCfg = Release|Any CPU
		{DB27C0D1-F62F-48B1-99F2-FE274BE412EB}.Release|Any CPU.Build.0 = Release|Any CPU
		{0F0F8CC9-7BAC-480D-975A-A1DCCC4EE682}.Debug|Any CPU.ActiveCfg = Debug|Any CPU
		{0F0F8CC9-7BAC-480D-975A-A1DCCC4EE682}.Debug|Any CPU.Build.0 = Debug|Any CPU
		{0F0F8CC9-7BAC-480D-975A-A1DCCC4EE682}.Release|Any CPU.ActiveCfg = Release|Any CPU
		{0F0F8CC9-7BAC-480D-975A-A1DCCC4EE682}.Release|Any CPU.Build.0 = Release|Any CPU
	EndGlobalSection
	GlobalSection(SolutionProperties) = preSolution
		HideSolutionNode = FALSE
	EndGlobalSection
	GlobalSection(ExtensibilityGlobals) = postSolution
		SolutionGuid = {E856C19D-375B-433A-B48A-3813A5C38239}
	EndGlobalSection
EndGlobal
